# This file is automatically @generated by Poetry 1.4.2 and should not be changed by hand.

[[package]]
name = "hexdump"
version = "3.3"
description = "dump binary data to hex format and restore from there"
category = "main"
optional = false
python-versions = "*"
files = [
    {file = "hexdump-3.3.zip", hash = "sha256:d781a43b0c16ace3f9366aade73e8ad3a7bd5137d58f0b45ab2d3f54876f20db"},
]

[[package]]
name = "pyserial"
version = "3.5"
description = "Python Serial Port Extension"
category = "main"
optional = false
python-versions = "*"
files = [
    {file = "pyserial-3.5-py2.py3-none-any.whl", hash = "sha256:c4451db6ba391ca6ca299fb3ec7bae67a5c55dde170964c7a14ceefec02f2cf0"},
    {file = "pyserial-3.5.tar.gz", hash = "sha256:3c77e014170dfffbd816e6ffc205e9842efb10be9f58ec16d3e8675b4925cddb"},
]

[package.extras]
cp2110 = ["hidapi"]

[metadata]
lock-version = "2.0"
python-versions = "^3.10"
content-hash = "52ec54afec145a08866f9fc32748c07c525d8eeac3ea554b0463c133173f9719"
